
Microsoft Visual Studio Solution File, Format Version 12.00
# Visual Studio Version 17
VisualStudioVersion = 17.8.34316.72
MinimumVisualStudioVersion = 10.0.40219.1
Project("{FAE04EC0-301F-11D3-BF4B-00C04F79EFBC}") = "Console Creatures", "Console Creatures\Console Creatures.csproj", "{164E8680-CA26-4755-9B2D-AECC8126B62A}"
EndProject
Project("{FAE04EC0-301F-11D3-BF4B-00C04F79EFBC}") = "Mad Libs", "Mad Libs\Mad Libs.csproj", "{BF630FFA-8D7E-4497-86C5-D9003B73784A}"
EndProject
Global
	GlobalSection(SolutionConfigurationPlatforms) = preSolution
		Debug|Any CPU = Debug|Any CPU
		Release|Any CPU = Release|Any CPU
	EndGlobalSection
	GlobalSection(ProjectConfigurationPlatforms) = postSolution
		{164E8680-CA26-4755-9B2D-AECC8126B62A}.Debug|Any CPU.ActiveCfg = Debug|Any CPU
		{164E8680-CA26-4755-9B2D-AECC8126B62A}.Debug|Any CPU.Build.0 = Debug|Any CPU
		{164E8680-CA26-4755-9B2D-AECC8126B62A}.Release|Any CPU.ActiveCfg = Release|Any CPU
		{164E8680-CA26-4755-9B2D-AECC8126B62A}.Release|Any CPU.Build.0 = Release|Any CPU
		{BF630FFA-8D7E-4497-86C5-D9003B73784A}.Debug|Any CPU.ActiveCfg = Debug|Any CPU
		{BF630FFA-8D7E-4497-86C5-D9003B73784A}.Debug|Any CPU.Build.0 = Debug|Any CPU
		{BF630FFA-8D7E-4497-86C5-D9003B73784A}.Release|Any CPU.ActiveCfg = Release|Any CPU
		{BF630FFA-8D7E-4497-86C5-D9003B73784A}.Release|Any CPU.Build.0 = Release|Any CPU
	EndGlobalSection
	GlobalSection(SolutionProperties) = preSolution
		HideSolutionNode = FALSE
	EndGlobalSection
	GlobalSection(ExtensibilityGlobals) = postSolution
		SolutionGuid = {4CD9F54F-619C-4B0D-B73D-D8FE3B179204}
	EndGlobalSection
EndGlobal
