
Microsoft Visual Studio Solution File, Format Version 12.00
# Visual Studio Version 17
VisualStudioVersion = 17.8.34316.72
MinimumVisualStudioVersion = 10.0.40219.1
Project("{9A19103F-16F7-4668-BE54-9A1E7A4F7556}") = "Console Creatures", "Console Creatures\Console Creatures.csproj", "{164E8680-CA26-4755-9B2D-AECC8126B62A}"
EndProject
Project("{9A19103F-16F7-4668-BE54-9A1E7A4F7556}") = "Mad Libs", "Mad Libs\Mad Libs.csproj", "{BF630FFA-8D7E-4497-86C5-D9003B73784A}"
EndProject
Project("{9A19103F-16F7-4668-BE54-9A1E7A4F7556}") = "Money Maker", "Money Maker\Money Maker.csproj", "{1F08D402-ED48-4153-8C13-BDFA85195A63}"
EndProject
Project("{9A19103F-16F7-4668-BE54-9A1E7A4F7556}") = "Password Checker", "Password Checker\Password Checker.csproj", "{97C38A15-107A-4B3A-BEFF-749F4C47D1BF}"
EndProject
Project("{9A19103F-16F7-4668-BE54-9A1E7A4F7556}") = "Choose Your Own Adventure", "Choose Your Own Adventure\Choose Your Own Adventure.csproj", "{36824997-8AC8-4750-BC33-2643A58FB362}"
EndProject
Project("{FAE04EC0-301F-11D3-BF4B-00C04F79EFBC}") = "Architect Arithmetic - Pantheon", "Architect Arithmetic - Pantheon\Architect Arithmetic - Pantheon.csproj", "{8AE89DE9-48BC-47D9-94C7-4DBC0321B16E}"
EndProject
Project("{FAE04EC0-301F-11D3-BF4B-00C04F79EFBC}") = "Architect Arithmetic - PatheonWithOneMethod", "Architect Arithmetic - PatheonWithOneMethod\Architect Arithmetic - PatheonWithOneMethod.csproj", "{DE6AC9C4-FA57-4E43-A346-4A0B092E5CDD}"
EndProject
Project("{FAE04EC0-301F-11D3-BF4B-00C04F79EFBC}") = "Arhitect Arithmetic - Taj Mahal", "Arhitect Arithmetic - Taj Mahal\Arhitect Arithmetic - Taj Mahal.csproj", "{E0E77111-1CC1-4A01-A602-7CBBBC2E261C}"
EndProject
Global
	GlobalSection(SolutionConfigurationPlatforms) = preSolution
		Debug|Any CPU = Debug|Any CPU
		Release|Any CPU = Release|Any CPU
	EndGlobalSection
	GlobalSection(ProjectConfigurationPlatforms) = postSolution
		{164E8680-CA26-4755-9B2D-AECC8126B62A}.Debug|Any CPU.ActiveCfg = Debug|Any CPU
		{164E8680-CA26-4755-9B2D-AECC8126B62A}.Debug|Any CPU.Build.0 = Debug|Any CPU
		{164E8680-CA26-4755-9B2D-AECC8126B62A}.Release|Any CPU.ActiveCfg = Release|Any CPU
		{164E8680-CA26-4755-9B2D-AECC8126B62A}.Release|Any CPU.Build.0 = Release|Any CPU
		{BF630FFA-8D7E-4497-86C5-D9003B73784A}.Debug|Any CPU.ActiveCfg = Debug|Any CPU
		{BF630FFA-8D7E-4497-86C5-D9003B73784A}.Debug|Any CPU.Build.0 = Debug|Any CPU
		{BF630FFA-8D7E-4497-86C5-D9003B73784A}.Release|Any CPU.ActiveCfg = Release|Any CPU
		{BF630FFA-8D7E-4497-86C5-D9003B73784A}.Release|Any CPU.Build.0 = Release|Any CPU
		{1F08D402-ED48-4153-8C13-BDFA85195A63}.Debug|Any CPU.ActiveCfg = Debug|Any CPU
		{1F08D402-ED48-4153-8C13-BDFA85195A63}.Debug|Any CPU.Build.0 = Debug|Any CPU
		{1F08D402-ED48-4153-8C13-BDFA85195A63}.Release|Any CPU.ActiveCfg = Release|Any CPU
		{1F08D402-ED48-4153-8C13-BDFA85195A63}.Release|Any CPU.Build.0 = Release|Any CPU
		{97C38A15-107A-4B3A-BEFF-749F4C47D1BF}.Debug|Any CPU.ActiveCfg = Debug|Any CPU
		{97C38A15-107A-4B3A-BEFF-749F4C47D1BF}.Debug|Any CPU.Build.0 = Debug|Any CPU
		{97C38A15-107A-4B3A-BEFF-749F4C47D1BF}.Release|Any CPU.ActiveCfg = Release|Any CPU
		{97C38A15-107A-4B3A-BEFF-749F4C47D1BF}.Release|Any CPU.Build.0 = Release|Any CPU
		{36824997-8AC8-4750-BC33-2643A58FB362}.Debug|Any CPU.ActiveCfg = Debug|Any CPU
		{36824997-8AC8-4750-BC33-2643A58FB362}.Debug|Any CPU.Build.0 = Debug|Any CPU
		{36824997-8AC8-4750-BC33-2643A58FB362}.Release|Any CPU.ActiveCfg = Release|Any CPU
		{36824997-8AC8-4750-BC33-2643A58FB362}.Release|Any CPU.Build.0 = Release|Any CPU
		{8AE89DE9-48BC-47D9-94C7-4DBC0321B16E}.Debug|Any CPU.ActiveCfg = Debug|Any CPU
		{8AE89DE9-48BC-47D9-94C7-4DBC0321B16E}.Debug|Any CPU.Build.0 = Debug|Any CPU
		{8AE89DE9-48BC-47D9-94C7-4DBC0321B16E}.Release|Any CPU.ActiveCfg = Release|Any CPU
		{8AE89DE9-48BC-47D9-94C7-4DBC0321B16E}.Release|Any CPU.Build.0 = Release|Any CPU
		{DE6AC9C4-FA57-4E43-A346-4A0B092E5CDD}.Debug|Any CPU.ActiveCfg = Debug|Any CPU
		{DE6AC9C4-FA57-4E43-A346-4A0B092E5CDD}.Debug|Any CPU.Build.0 = Debug|Any CPU
		{DE6AC9C4-FA57-4E43-A346-4A0B092E5CDD}.Release|Any CPU.ActiveCfg = Release|Any CPU
		{DE6AC9C4-FA57-4E43-A346-4A0B092E5CDD}.Release|Any CPU.Build.0 = Release|Any CPU
		{E0E77111-1CC1-4A01-A602-7CBBBC2E261C}.Debug|Any CPU.ActiveCfg = Debug|Any CPU
		{E0E77111-1CC1-4A01-A602-7CBBBC2E261C}.Debug|Any CPU.Build.0 = Debug|Any CPU
		{E0E77111-1CC1-4A01-A602-7CBBBC2E261C}.Release|Any CPU.ActiveCfg = Release|Any CPU
		{E0E77111-1CC1-4A01-A602-7CBBBC2E261C}.Release|Any CPU.Build.0 = Release|Any CPU
	EndGlobalSection
	GlobalSection(SolutionProperties) = preSolution
		HideSolutionNode = FALSE
	EndGlobalSection
	GlobalSection(ExtensibilityGlobals) = postSolution
		SolutionGuid = {4CD9F54F-619C-4B0D-B73D-D8FE3B179204}
	EndGlobalSection
EndGlobal
