Microsoft Visual Studio Solution File, Format Version 12.00
# Visual Studio Version 17
VisualStudioVersion = 17.5.2.0
MinimumVisualStudioVersion = 10.0.40219.1
Project("{2150E333-8FDC-42A3-9474-1A3956D46DE8}") = "CSharp", "CSharp", "{B41BF331-FCCB-2ADF-CDB6-767964B34647}"
EndProject
Project("{2150E333-8FDC-42A3-9474-1A3956D46DE8}") = "Console Creatures", "Console Creatures", "{4E72B184-88D1-93F1-C197-D1327E6D7C73}"
EndProject
Project("{FAE04EC0-301F-11D3-BF4B-00C04F79EFBC}") = "ConsoleCreatures", "CSharp\Console Creatures\ConsoleCreatures\ConsoleCreatures.csproj", "{A0C1EBCA-C28E-530E-60EC-5ED5E34EE749}"
EndProject
Global
	GlobalSection(SolutionConfigurationPlatforms) = preSolution
		Debug|Any CPU = Debug|Any CPU
		Release|Any CPU = Release|Any CPU
	EndGlobalSection
	GlobalSection(ProjectConfigurationPlatforms) = postSolution
		{A0C1EBCA-C28E-530E-60EC-5ED5E34EE749}.Debug|Any CPU.ActiveCfg = Debug|Any CPU
		{A0C1EBCA-C28E-530E-60EC-5ED5E34EE749}.Debug|Any CPU.Build.0 = Debug|Any CPU
		{A0C1EBCA-C28E-530E-60EC-5ED5E34EE749}.Release|Any CPU.ActiveCfg = Release|Any CPU
		{A0C1EBCA-C28E-530E-60EC-5ED5E34EE749}.Release|Any CPU.Build.0 = Release|Any CPU
	EndGlobalSection
	GlobalSection(SolutionProperties) = preSolution
		HideSolutionNode = FALSE
	EndGlobalSection
	GlobalSection(NestedProjects) = preSolution
		{4E72B184-88D1-93F1-C197-D1327E6D7C73} = {B41BF331-FCCB-2ADF-CDB6-767964B34647}
		{A0C1EBCA-C28E-530E-60EC-5ED5E34EE749} = {4E72B184-88D1-93F1-C197-D1327E6D7C73}
	EndGlobalSection
	GlobalSection(ExtensibilityGlobals) = postSolution
		SolutionGuid = {C30F5D07-80CA-4BB1-BDD8-8201081B8E85}
	EndGlobalSection
EndGlobal
