
Microsoft Visual Studio Solution File, Format Version 12.00
# Visual Studio Version 17
VisualStudioVersion = 17.8.34316.72
MinimumVisualStudioVersion = 10.0.40219.1
Project("{9A19103F-16F7-4668-BE54-9A1E7A4F7556}") = "Console Creatures", "Console Creatures\Console Creatures.csproj", "{164E8680-CA26-4755-9B2D-AECC8126B62A}"
EndProject
Project("{9A19103F-16F7-4668-BE54-9A1E7A4F7556}") = "Mad Libs", "Mad Libs\Mad Libs.csproj", "{BF630FFA-8D7E-4497-86C5-D9003B73784A}"
EndProject
Project("{9A19103F-16F7-4668-BE54-9A1E7A4F7556}") = "Money Maker", "Money Maker\Money Maker.csproj", "{1F08D402-ED48-4153-8C13-BDFA85195A63}"
EndProject
Project("{9A19103F-16F7-4668-BE54-9A1E7A4F7556}") = "Password Checker", "Password Checker\Password Checker.csproj", "{97C38A15-107A-4B3A-BEFF-749F4C47D1BF}"
EndProject
Project("{9A19103F-16F7-4668-BE54-9A1E7A4F7556}") = "Choose Your Own Adventure", "Choose Your Own Adventure\Choose Your Own Adventure.csproj", "{36824997-8AC8-4750-BC33-2643A58FB362}"
EndProject
Project("{FAE04EC0-301F-11D3-BF4B-00C04F79EFBC}") = "Architect Arithmetic - Pantheon", "Architect Arithmetic - Pantheon\Architect Arithmetic - Pantheon.csproj", "{8AE89DE9-48BC-47D9-94C7-4DBC0321B16E}"
EndProject
Project("{FAE04EC0-301F-11D3-BF4B-00C04F79EFBC}") = "Architect Arithmetic - PatheonWithOneMethod", "Architect Arithmetic - PatheonWithOneMethod\Architect Arithmetic - PatheonWithOneMethod.csproj", "{DE6AC9C4-FA57-4E43-A346-4A0B092E5CDD}"
EndProject
Project("{FAE04EC0-301F-11D3-BF4B-00C04F79EFBC}") = "Arhitect Arithmetic - Taj Mahal", "Arhitect Arithmetic - Taj Mahal\Arhitect Arithmetic - Taj Mahal.csproj", "{E0E77111-1CC1-4A01-A602-7CBBBC2E261C}"
EndProject
Project("{FAE04EC0-301F-11D3-BF4B-00C04F79EFBC}") = "Architect Arithmetic - TajMahalWithOneMethod", "Architect Arithmetic - TajMahalWithOneMethod\Architect Arithmetic - TajMahalWithOneMethod.csproj", "{0200A84C-59EE-4636-B4F6-D032DC6DE0F7}"
EndProject
Project("{FAE04EC0-301F-11D3-BF4B-00C04F79EFBC}") = "ArchitectArithmeticGreatMosqueOfMecca", "ArchitectArithmeticGreatMosqueOfMecca\ArchitectArithmeticGreatMosqueOfMecca.csproj", "{4EBAF761-2C42-470D-97AA-08BEF825EB02}"
EndProject
Project("{FAE04EC0-301F-11D3-BF4B-00C04F79EFBC}") = "ArchitectArithmeticGreatMosqueOfMeccaOneMethod", "ArchitectArithmeticGreatMosqueOfMeccaOneMethod\ArchitectArithmeticGreatMosqueOfMeccaOneMethod.csproj", "{20203109-4472-4B9B-A0CD-3938F3FD2F2E}"
EndProject
Project("{FAE04EC0-301F-11D3-BF4B-00C04F79EFBC}") = "ArchitectArithmeticTeotihuacan", "ArchitectArithmeticTeotihuacan\ArchitectArithmeticTeotihuacan.csproj", "{101B44FD-EE00-499F-A1B4-2B5214FA496A}"
EndProject
Project("{FAE04EC0-301F-11D3-BF4B-00C04F79EFBC}") = "ArchitectArithmeticTeotihuacanOneMethod", "ArchitectArithmeticTeotihuacanOneMethod\ArchitectArithmeticTeotihuacanOneMethod.csproj", "{4848C204-4E99-4D33-AC2F-762678DD5DE3}"
EndProject
Project("{FAE04EC0-301F-11D3-BF4B-00C04F79EFBC}") = "ArchitectArithmeticWholeProject", "ArchitectArithmeticWholeProject\ArchitectArithmeticWholeProject.csproj", "{E4712E55-7FB5-4EC5-92CC-BC4E94D71996}"
EndProject
Project("{FAE04EC0-301F-11D3-BF4B-00C04F79EFBC}") = "ExquisiteCorpse", "ExquisiteCorpse\ExquisiteCorpse.csproj", "{629D81A5-4956-4A11-B4E3-03BB30050AC3}"
EndProject
Project("{FAE04EC0-301F-11D3-BF4B-00C04F79EFBC}") = "ExquisiteCorpse-RandomBodyPart", "ExquisiteCorpse-RandomBodyPart\ExquisiteCorpse-RandomBodyPart.csproj", "{96DA1D42-8DCC-4F48-8297-B87BE5C9F577}"
EndProject
Project("{FAE04EC0-301F-11D3-BF4B-00C04F79EFBC}") = "ExquisiteCorpse-UserPrompt", "ExquisiteCorpse-UserPrompt\ExquisiteCorpse-UserPrompt.csproj", "{3EAD84F2-B052-4887-B790-A0521BCDB6A2}"
EndProject
Project("{FAE04EC0-301F-11D3-BF4B-00C04F79EFBC}") = "ExquisiteCorpse-StartingMode", "ExquisiteCorpse-StartingMode\ExquisiteCorpse-StartingMode.csproj", "{559F185F-6AF8-4F0B-96A8-C4A56BA6AF33}"
EndProject
Project("{FAE04EC0-301F-11D3-BF4B-00C04F79EFBC}") = "ExquisiteCorpse-ASCIIArt", "ExquisiteCorpse-ASCIIArt\ExquisiteCorpse-ASCIIArt.csproj", "{9BDC3C40-D1DC-41EE-957A-2DF88C9E5B10}"
EndProject
Global
	GlobalSection(SolutionConfigurationPlatforms) = preSolution
		Debug|Any CPU = Debug|Any CPU
		Release|Any CPU = Release|Any CPU
	EndGlobalSection
	GlobalSection(ProjectConfigurationPlatforms) = postSolution
		{164E8680-CA26-4755-9B2D-AECC8126B62A}.Debug|Any CPU.ActiveCfg = Debug|Any CPU
		{164E8680-CA26-4755-9B2D-AECC8126B62A}.Debug|Any CPU.Build.0 = Debug|Any CPU
		{164E8680-CA26-4755-9B2D-AECC8126B62A}.Release|Any CPU.ActiveCfg = Release|Any CPU
		{164E8680-CA26-4755-9B2D-AECC8126B62A}.Release|Any CPU.Build.0 = Release|Any CPU
		{BF630FFA-8D7E-4497-86C5-D9003B73784A}.Debug|Any CPU.ActiveCfg = Debug|Any CPU
		{BF630FFA-8D7E-4497-86C5-D9003B73784A}.Debug|Any CPU.Build.0 = Debug|Any CPU
		{BF630FFA-8D7E-4497-86C5-D9003B73784A}.Release|Any CPU.ActiveCfg = Release|Any CPU
		{BF630FFA-8D7E-4497-86C5-D9003B73784A}.Release|Any CPU.Build.0 = Release|Any CPU
		{1F08D402-ED48-4153-8C13-BDFA85195A63}.Debug|Any CPU.ActiveCfg = Debug|Any CPU
		{1F08D402-ED48-4153-8C13-BDFA85195A63}.Debug|Any CPU.Build.0 = Debug|Any CPU
		{1F08D402-ED48-4153-8C13-BDFA85195A63}.Release|Any CPU.ActiveCfg = Release|Any CPU
		{1F08D402-ED48-4153-8C13-BDFA85195A63}.Release|Any CPU.Build.0 = Release|Any CPU
		{97C38A15-107A-4B3A-BEFF-749F4C47D1BF}.Debug|Any CPU.ActiveCfg = Debug|Any CPU
		{97C38A15-107A-4B3A-BEFF-749F4C47D1BF}.Debug|Any CPU.Build.0 = Debug|Any CPU
		{97C38A15-107A-4B3A-BEFF-749F4C47D1BF}.Release|Any CPU.ActiveCfg = Release|Any CPU
		{97C38A15-107A-4B3A-BEFF-749F4C47D1BF}.Release|Any CPU.Build.0 = Release|Any CPU
		{36824997-8AC8-4750-BC33-2643A58FB362}.Debug|Any CPU.ActiveCfg = Debug|Any CPU
		{36824997-8AC8-4750-BC33-2643A58FB362}.Debug|Any CPU.Build.0 = Debug|Any CPU
		{36824997-8AC8-4750-BC33-2643A58FB362}.Release|Any CPU.ActiveCfg = Release|Any CPU
		{36824997-8AC8-4750-BC33-2643A58FB362}.Release|Any CPU.Build.0 = Release|Any CPU
		{8AE89DE9-48BC-47D9-94C7-4DBC0321B16E}.Debug|Any CPU.ActiveCfg = Debug|Any CPU
		{8AE89DE9-48BC-47D9-94C7-4DBC0321B16E}.Debug|Any CPU.Build.0 = Debug|Any CPU
		{8AE89DE9-48BC-47D9-94C7-4DBC0321B16E}.Release|Any CPU.ActiveCfg = Release|Any CPU
		{8AE89DE9-48BC-47D9-94C7-4DBC0321B16E}.Release|Any CPU.Build.0 = Release|Any CPU
		{DE6AC9C4-FA57-4E43-A346-4A0B092E5CDD}.Debug|Any CPU.ActiveCfg = Debug|Any CPU
		{DE6AC9C4-FA57-4E43-A346-4A0B092E5CDD}.Debug|Any CPU.Build.0 = Debug|Any CPU
		{DE6AC9C4-FA57-4E43-A346-4A0B092E5CDD}.Release|Any CPU.ActiveCfg = Release|Any CPU
		{DE6AC9C4-FA57-4E43-A346-4A0B092E5CDD}.Release|Any CPU.Build.0 = Release|Any CPU
		{E0E77111-1CC1-4A01-A602-7CBBBC2E261C}.Debug|Any CPU.ActiveCfg = Debug|Any CPU
		{E0E77111-1CC1-4A01-A602-7CBBBC2E261C}.Debug|Any CPU.Build.0 = Debug|Any CPU
		{E0E77111-1CC1-4A01-A602-7CBBBC2E261C}.Release|Any CPU.ActiveCfg = Release|Any CPU
		{E0E77111-1CC1-4A01-A602-7CBBBC2E261C}.Release|Any CPU.Build.0 = Release|Any CPU
		{0200A84C-59EE-4636-B4F6-D032DC6DE0F7}.Debug|Any CPU.ActiveCfg = Debug|Any CPU
		{0200A84C-59EE-4636-B4F6-D032DC6DE0F7}.Debug|Any CPU.Build.0 = Debug|Any CPU
		{0200A84C-59EE-4636-B4F6-D032DC6DE0F7}.Release|Any CPU.ActiveCfg = Release|Any CPU
		{0200A84C-59EE-4636-B4F6-D032DC6DE0F7}.Release|Any CPU.Build.0 = Release|Any CPU
		{4EBAF761-2C42-470D-97AA-08BEF825EB02}.Debug|Any CPU.ActiveCfg = Debug|Any CPU
		{4EBAF761-2C42-470D-97AA-08BEF825EB02}.Debug|Any CPU.Build.0 = Debug|Any CPU
		{4EBAF761-2C42-470D-97AA-08BEF825EB02}.Release|Any CPU.ActiveCfg = Release|Any CPU
		{4EBAF761-2C42-470D-97AA-08BEF825EB02}.Release|Any CPU.Build.0 = Release|Any CPU
		{20203109-4472-4B9B-A0CD-3938F3FD2F2E}.Debug|Any CPU.ActiveCfg = Debug|Any CPU
		{20203109-4472-4B9B-A0CD-3938F3FD2F2E}.Debug|Any CPU.Build.0 = Debug|Any CPU
		{20203109-4472-4B9B-A0CD-3938F3FD2F2E}.Release|Any CPU.ActiveCfg = Release|Any CPU
		{20203109-4472-4B9B-A0CD-3938F3FD2F2E}.Release|Any CPU.Build.0 = Release|Any CPU
		{101B44FD-EE00-499F-A1B4-2B5214FA496A}.Debug|Any CPU.ActiveCfg = Debug|Any CPU
		{101B44FD-EE00-499F-A1B4-2B5214FA496A}.Debug|Any CPU.Build.0 = Debug|Any CPU
		{101B44FD-EE00-499F-A1B4-2B5214FA496A}.Release|Any CPU.ActiveCfg = Release|Any CPU
		{101B44FD-EE00-499F-A1B4-2B5214FA496A}.Release|Any CPU.Build.0 = Release|Any CPU
		{4848C204-4E99-4D33-AC2F-762678DD5DE3}.Debug|Any CPU.ActiveCfg = Debug|Any CPU
		{4848C204-4E99-4D33-AC2F-762678DD5DE3}.Debug|Any CPU.Build.0 = Debug|Any CPU
		{4848C204-4E99-4D33-AC2F-762678DD5DE3}.Release|Any CPU.ActiveCfg = Release|Any CPU
		{4848C204-4E99-4D33-AC2F-762678DD5DE3}.Release|Any CPU.Build.0 = Release|Any CPU
		{E4712E55-7FB5-4EC5-92CC-BC4E94D71996}.Debug|Any CPU.ActiveCfg = Debug|Any CPU
		{E4712E55-7FB5-4EC5-92CC-BC4E94D71996}.Debug|Any CPU.Build.0 = Debug|Any CPU
		{E4712E55-7FB5-4EC5-92CC-BC4E94D71996}.Release|Any CPU.ActiveCfg = Release|Any CPU
		{E4712E55-7FB5-4EC5-92CC-BC4E94D71996}.Release|Any CPU.Build.0 = Release|Any CPU
		{629D81A5-4956-4A11-B4E3-03BB30050AC3}.Debug|Any CPU.ActiveCfg = Debug|Any CPU
		{629D81A5-4956-4A11-B4E3-03BB30050AC3}.Debug|Any CPU.Build.0 = Debug|Any CPU
		{629D81A5-4956-4A11-B4E3-03BB30050AC3}.Release|Any CPU.ActiveCfg = Release|Any CPU
		{629D81A5-4956-4A11-B4E3-03BB30050AC3}.Release|Any CPU.Build.0 = Release|Any CPU
		{96DA1D42-8DCC-4F48-8297-B87BE5C9F577}.Debug|Any CPU.ActiveCfg = Debug|Any CPU
		{96DA1D42-8DCC-4F48-8297-B87BE5C9F577}.Debug|Any CPU.Build.0 = Debug|Any CPU
		{96DA1D42-8DCC-4F48-8297-B87BE5C9F577}.Release|Any CPU.ActiveCfg = Release|Any CPU
		{96DA1D42-8DCC-4F48-8297-B87BE5C9F577}.Release|Any CPU.Build.0 = Release|Any CPU
		{3EAD84F2-B052-4887-B790-A0521BCDB6A2}.Debug|Any CPU.ActiveCfg = Debug|Any CPU
		{3EAD84F2-B052-4887-B790-A0521BCDB6A2}.Debug|Any CPU.Build.0 = Debug|Any CPU
		{3EAD84F2-B052-4887-B790-A0521BCDB6A2}.Release|Any CPU.ActiveCfg = Release|Any CPU
		{3EAD84F2-B052-4887-B790-A0521BCDB6A2}.Release|Any CPU.Build.0 = Release|Any CPU
		{559F185F-6AF8-4F0B-96A8-C4A56BA6AF33}.Debug|Any CPU.ActiveCfg = Debug|Any CPU
		{559F185F-6AF8-4F0B-96A8-C4A56BA6AF33}.Debug|Any CPU.Build.0 = Debug|Any CPU
		{559F185F-6AF8-4F0B-96A8-C4A56BA6AF33}.Release|Any CPU.ActiveCfg = Release|Any CPU
		{559F185F-6AF8-4F0B-96A8-C4A56BA6AF33}.Release|Any CPU.Build.0 = Release|Any CPU
		{9BDC3C40-D1DC-41EE-957A-2DF88C9E5B10}.Debug|Any CPU.ActiveCfg = Debug|Any CPU
		{9BDC3C40-D1DC-41EE-957A-2DF88C9E5B10}.Debug|Any CPU.Build.0 = Debug|Any CPU
		{9BDC3C40-D1DC-41EE-957A-2DF88C9E5B10}.Release|Any CPU.ActiveCfg = Release|Any CPU
		{9BDC3C40-D1DC-41EE-957A-2DF88C9E5B10}.Release|Any CPU.Build.0 = Release|Any CPU
	EndGlobalSection
	GlobalSection(SolutionProperties) = preSolution
		HideSolutionNode = FALSE
	EndGlobalSection
	GlobalSection(ExtensibilityGlobals) = postSolution
		SolutionGuid = {4CD9F54F-619C-4B0D-B73D-D8FE3B179204}
	EndGlobalSection
EndGlobal
